{
  "version": 4,
  "terraform_version": "1.10.1",
  "serial": 42,
  "lineage": "3e24afa1-a10a-bb4a-73ed-a6a233af8f79",
  "outputs": {},
  "resources": [
    {
      "mode": "data",
      "type": "azurerm_client_config",
      "name": "current",
      "provider": "provider[\"registry.terraform.io/hashicorp/azurerm\"]",
      "instances": [
        {
          "schema_version": 0,
          "attributes": {
            "client_id": "04b07795-8ddb-461a-bbee-02f9e1bf7b46",
            "id": "Y2xpZW50Q29uZmlncy9jbGllbnRJZD0wNGIwNzc5NS04ZGRiLTQ2MWEtYmJlZS0wMmY5ZTFiZjdiNDY7b2JqZWN0SWQ9YTkyZGNmMDktNzJiNS00YjZmLWEzZWItMTFiZGZjMmFhYmM4O3N1YnNjcmlwdGlvbklkPTY5MGNlMWI1LTVhYzUtNDZkNS1hNWNjLTkzYmRmYTUzOTM3Nzt0ZW5hbnRJZD05ODZlYmQ0Ni02ZjVjLTQ3YmMtYWJkMy0yZDgwOTc5OTZlZmM=",
            "object_id": "a92dcf09-72b5-4b6f-a3eb-11bdfc2aabc8",
            "subscription_id": "690ce1b5-5ac5-46d5-a5cc-93bdfa539377",
            "tenant_id": "986ebd46-6f5c-47bc-abd3-2d8097996efc",
            "timeouts": null
          },
          "sensitive_attributes": []
        }
      ]
    },
    {
      "mode": "managed",
      "type": "azapi_update_resource",
      "name": "app_service_acr",
      "provider": "provider[\"registry.terraform.io/azure/azapi\"]",
      "instances": [
        {
          "schema_version": 1,
          "attributes": {
            "body": {
              "value": "{\"properties\":{\"acrUseManagedIdentityCreds\":true}}",
              "type": "string"
            },
            "id": "/subscriptions/690ce1b5-5ac5-46d5-a5cc-93bdfa539377/resourceGroups/dasdemo-test-rg/providers/Microsoft.Web/sites/dasdemo-test-app/config/web",
            "ignore_body_changes": null,
            "ignore_casing": false,
            "ignore_missing_property": true,
            "locks": null,
            "name": "web",
            "output": {
              "value": "{}",
              "type": "string"
            },
            "parent_id": "/subscriptions/690ce1b5-5ac5-46d5-a5cc-93bdfa539377/resourceGroups/dasdemo-test-rg/providers/Microsoft.Web/sites/dasdemo-test-app",
            "resource_id": "/subscriptions/690ce1b5-5ac5-46d5-a5cc-93bdfa539377/resourceGroups/dasdemo-test-rg/providers/Microsoft.Web/sites/dasdemo-test-app/config/web",
            "response_export_values": null,
            "timeouts": null,
            "type": "Microsoft.Web/sites/config@2021-02-01"
          },
          "sensitive_attributes": [],
          "dependencies": [
            "azurerm_app_service.app",
            "azurerm_app_service_plan.plan",
            "azurerm_application_insights.ai",
            "azurerm_container_registry.acr",
            "azurerm_key_vault.kv",
            "azurerm_key_vault_secret.ai_connection_string",
            "azurerm_key_vault_secret.ai_key",
            "azurerm_resource_group.rg",
            "data.azurerm_client_config.current"
          ]
        }
      ]
    },
    {
      "mode": "managed",
      "type": "azurerm_app_service",
      "name": "app",
      "provider": "provider[\"registry.terraform.io/hashicorp/azurerm\"]",
      "instances": [
        {
          "schema_version": 0,
          "attributes": {
            "app_service_plan_id": "/subscriptions/690ce1b5-5ac5-46d5-a5cc-93bdfa539377/resourceGroups/dasdemo-test-rg/providers/Microsoft.Web/serverFarms/dasdemo-test-plan",
            "app_settings": {
              "APPINSIGHTS_INSTRUMENTATIONKEY": "@Microsoft.KeyVault(SecretUri=https://dasdemo-test-kv.vault.azure.net/secrets/AppInsightsInstrumentationKey)",
              "APPLICATIONINSIGHTS_CONNECTION_STRING": "@Microsoft.KeyVault(SecretUri=https://dasdemo-test-kv.vault.azure.net/secrets/AppInsightsConnectionString)",
              "ApplicationInsightsAgent_EXTENSION_VERSION": "~2",
              "WEBSITES_PORT": "80"
            },
            "auth_settings": [
              {
                "active_directory": [],
                "additional_login_params": {},
                "allowed_external_redirect_urls": [],
                "default_provider": "",
                "enabled": false,
                "facebook": [],
                "google": [],
                "issuer": "",
                "microsoft": [],
                "runtime_version": "",
                "token_refresh_extension_hours": 0,
                "token_store_enabled": false,
                "twitter": [],
                "unauthenticated_client_action": ""
              }
            ],
            "backup": [],
            "client_affinity_enabled": false,
            "client_cert_enabled": false,
            "client_cert_mode": "Required",
            "connection_string": [],
            "custom_domain_verification_id": "E244E0F59CCC4829E90F3E1E7B7685439E6AA90C68307C52A088CF0EAD05086E",
            "default_site_hostname": "dasdemo-test-app.azurewebsites.net",
            "enabled": true,
            "https_only": true,
            "id": "/subscriptions/690ce1b5-5ac5-46d5-a5cc-93bdfa539377/resourceGroups/dasdemo-test-rg/providers/Microsoft.Web/sites/dasdemo-test-app",
            "identity": [
              {
                "identity_ids": [],
                "principal_id": "ea4d19bd-0f4c-4530-8877-d7caa17934b9",
                "tenant_id": "986ebd46-6f5c-47bc-abd3-2d8097996efc",
                "type": "SystemAssigned"
              }
            ],
            "key_vault_reference_identity_id": "SystemAssigned",
            "location": "westeurope",
            "logs": [
              {
                "application_logs": [
                  {
                    "azure_blob_storage": [],
                    "file_system_level": "Off"
                  }
                ],
                "detailed_error_messages_enabled": false,
                "failed_request_tracing_enabled": false,
                "http_logs": [
                  {
                    "azure_blob_storage": [],
                    "file_system": []
                  }
                ]
              }
            ],
            "name": "dasdemo-test-app",
            "outbound_ip_address_list": [
              "9.163.251.66",
              "132.220.69.132",
              "50.85.6.207",
              "132.220.0.210",
              "74.178.187.30",
              "132.220.30.51",
              "132.164.46.60",
              "132.164.126.42",
              "132.220.255.192",
              "50.85.70.62",
              "108.141.95.30",
              "74.178.220.91",
              "20.105.216.50"
            ],
            "outbound_ip_addresses": "9.163.251.66,132.220.69.132,50.85.6.207,132.220.0.210,74.178.187.30,132.220.30.51,132.164.46.60,132.164.126.42,132.220.255.192,50.85.70.62,108.141.95.30,74.178.220.91,20.105.216.50",
            "possible_outbound_ip_address_list": [
              "9.163.251.66",
              "132.220.69.132",
              "50.85.6.207",
              "132.220.0.210",
              "74.178.187.30",
              "132.220.30.51",
              "132.164.46.60",
              "132.164.126.42",
              "132.220.255.192",
              "50.85.70.62",
              "108.141.95.30",
              "74.178.220.91",
              "9.163.162.191",
              "74.178.186.202",
              "9.163.87.8",
              "128.251.251.190",
              "74.178.150.47",
              "50.85.197.240",
              "132.220.244.232",
              "128.251.219.94",
              "74.178.150.103",
              "108.141.124.250",
              "9.163.141.207",
              "50.85.151.90",
              "9.163.22.176",
              "9.163.61.7",
              "132.220.202.10",
              "132.220.12.250",
              "132.220.13.10",
              "9.163.251.107",
              "20.105.216.50"
            ],
            "possible_outbound_ip_addresses": "9.163.251.66,132.220.69.132,50.85.6.207,132.220.0.210,74.178.187.30,132.220.30.51,132.164.46.60,132.164.126.42,132.220.255.192,50.85.70.62,108.141.95.30,74.178.220.91,9.163.162.191,74.178.186.202,9.163.87.8,128.251.251.190,74.178.150.47,50.85.197.240,132.220.244.232,128.251.219.94,74.178.150.103,108.141.124.250,9.163.141.207,50.85.151.90,9.163.22.176,9.163.61.7,132.220.202.10,132.220.12.250,132.220.13.10,9.163.251.107,20.105.216.50",
            "resource_group_name": "dasdemo-test-rg",
            "site_config": [
              {
                "acr_use_managed_identity_credentials": false,
                "acr_user_managed_identity_client_id": "",
                "always_on": true,
                "app_command_line": "",
                "auto_swap_slot_name": "",
                "cors": [
                  {
                    "allowed_origins": [],
                    "support_credentials": false
                  }
                ],
                "default_documents": [],
                "dotnet_framework_version": "v4.0",
                "ftps_state": "FtpsOnly",
                "health_check_path": "",
                "http2_enabled": false,
                "ip_restriction": [],
                "java_container": "",
                "java_container_version": "",
                "java_version": "",
                "linux_fx_version": "DOCKER|dasdemotestacr.azurecr.io/abhi-hello:latest",
                "local_mysql_enabled": false,
                "managed_pipeline_mode": "Integrated",
                "min_tls_version": "1.2",
                "number_of_workers": 1,
                "php_version": "",
                "python_version": "",
                "remote_debugging_enabled": false,
                "remote_debugging_version": "VS2022",
                "scm_ip_restriction": [],
                "scm_type": "None",
                "scm_use_main_ip_restriction": false,
                "use_32_bit_worker_process": false,
                "vnet_route_all_enabled": false,
                "websockets_enabled": false,
                "windows_fx_version": ""
              }
            ],
            "site_credential": [
              {
                "password": "QkkqwautGShnFgQ5eiqMKaaemo4rvoDoi55oaAgL7wEfxdtbxPD4o93MbdJu",
                "username": "$dasdemo-test-app"
              }
            ],
            "source_control": [
              {
                "branch": "main",
                "manual_integration": false,
                "repo_url": "",
                "rollback_enabled": false,
                "use_mercurial": false
              }
            ],
            "storage_account": [],
            "tags": {
              "environment": "test",
              "project": "das"
            },
            "timeouts": null
          },
          "sensitive_attributes": [],
          "private": "eyJlMmJmYjczMC1lY2FhLTExZTYtOGY4OC0zNDM2M2JjN2M0YzAiOnsiY3JlYXRlIjoxODAwMDAwMDAwMDAwLCJkZWxldGUiOjE4MDAwMDAwMDAwMDAsInJlYWQiOjMwMDAwMDAwMDAwMCwidXBkYXRlIjoxODAwMDAwMDAwMDAwfX0=",
          "dependencies": [
            "azurerm_app_service_plan.plan",
            "azurerm_application_insights.ai",
            "azurerm_container_registry.acr",
            "azurerm_key_vault.kv",
            "azurerm_key_vault_secret.ai_connection_string",
            "azurerm_key_vault_secret.ai_key",
            "azurerm_resource_group.rg",
            "data.azurerm_client_config.current"
          ]
        }
      ]
    },
    {
      "mode": "managed",
      "type": "azurerm_app_service_plan",
      "name": "plan",
      "provider": "provider[\"registry.terraform.io/hashicorp/azurerm\"]",
      "instances": [
        {
          "schema_version": 1,
          "attributes": {
            "app_service_environment_id": "",
            "id": "/subscriptions/690ce1b5-5ac5-46d5-a5cc-93bdfa539377/resourceGroups/dasdemo-test-rg/providers/Microsoft.Web/serverFarms/dasdemo-test-plan",
            "is_xenon": false,
            "kind": "linux",
            "location": "westeurope",
            "maximum_elastic_worker_count": 1,
            "maximum_number_of_workers": 3,
            "name": "dasdemo-test-plan",
            "per_site_scaling": false,
            "reserved": true,
            "resource_group_name": "dasdemo-test-rg",
            "sku": [
              {
                "capacity": 1,
                "size": "B1",
                "tier": "Basic"
              }
            ],
            "tags": {
              "environment": "test",
              "project": "das"
            },
            "timeouts": null,
            "zone_redundant": false
          },
          "sensitive_attributes": [],
          "private": "eyJlMmJmYjczMC1lY2FhLTExZTYtOGY4OC0zNDM2M2JjN2M0YzAiOnsiY3JlYXRlIjozNjAwMDAwMDAwMDAwLCJkZWxldGUiOjM2MDAwMDAwMDAwMDAsInJlYWQiOjMwMDAwMDAwMDAwMCwidXBkYXRlIjozNjAwMDAwMDAwMDAwfSwic2NoZW1hX3ZlcnNpb24iOiIxIn0=",
          "dependencies": [
            "azurerm_resource_group.rg"
          ]
        }
      ]
    },
    {
      "mode": "managed",
      "type": "azurerm_application_insights",
      "name": "ai",
      "provider": "provider[\"registry.terraform.io/hashicorp/azurerm\"]",
      "instances": [
        {
          "schema_version": 2,
          "attributes": {
            "app_id": "4a152575-e1c2-4a86-ab58-d10f67add17c",
            "application_type": "web",
            "connection_string": "InstrumentationKey=5d1dd123-ce81-45dc-bedf-da5fec4e15cc;IngestionEndpoint=https://westeurope-5.in.applicationinsights.azure.com/;LiveEndpoint=https://westeurope.livediagnostics.monitor.azure.com/;ApplicationId=4a152575-e1c2-4a86-ab58-d10f67add17c",
            "daily_data_cap_in_gb": 100,
            "daily_data_cap_notifications_disabled": false,
            "disable_ip_masking": false,
            "force_customer_storage_for_profiler": false,
            "id": "/subscriptions/690ce1b5-5ac5-46d5-a5cc-93bdfa539377/resourceGroups/dasdemo-test-rg/providers/Microsoft.Insights/components/dasdemo-test-appi",
            "instrumentation_key": "5d1dd123-ce81-45dc-bedf-da5fec4e15cc",
            "internet_ingestion_enabled": true,
            "internet_query_enabled": true,
            "local_authentication_disabled": false,
            "location": "westeurope",
            "name": "dasdemo-test-appi",
            "resource_group_name": "dasdemo-test-rg",
            "retention_in_days": 90,
            "sampling_percentage": 100,
            "tags": {
              "environment": "test",
              "project": "das"
            },
            "timeouts": null,
            "workspace_id": "/subscriptions/690ce1b5-5ac5-46d5-a5cc-93bdfa539377/resourceGroups/ai_dasdemo-test-appi_4a152575-e1c2-4a86-ab58-d10f67add17c_managed/providers/Microsoft.OperationalInsights/workspaces/managed-dasdemo-test-appi-ws"
          },
          "sensitive_attributes": [
            [
              {
                "type": "get_attr",
                "value": "connection_string"
              }
            ],
            [
              {
                "type": "get_attr",
                "value": "instrumentation_key"
              }
            ]
          ],
          "private": "eyJlMmJmYjczMC1lY2FhLTExZTYtOGY4OC0zNDM2M2JjN2M0YzAiOnsiY3JlYXRlIjozNjAwMDAwMDAwMDAwLCJkZWxldGUiOjE4MDAwMDAwMDAwMDAsInJlYWQiOjMwMDAwMDAwMDAwMCwidXBkYXRlIjoxODAwMDAwMDAwMDAwfSwic2NoZW1hX3ZlcnNpb24iOiIyIn0=",
          "dependencies": [
            "azurerm_resource_group.rg"
          ]
        }
      ]
    },
    {
      "mode": "managed",
      "type": "azurerm_container_registry",
      "name": "acr",
      "provider": "provider[\"registry.terraform.io/hashicorp/azurerm\"]",
      "instances": [
        {
          "schema_version": 2,
          "attributes": {
            "admin_enabled": false,
            "admin_password": "",
            "admin_username": "",
            "anonymous_pull_enabled": false,
            "data_endpoint_enabled": false,
            "encryption": [],
            "export_policy_enabled": true,
            "georeplications": [],
            "id": "/subscriptions/690ce1b5-5ac5-46d5-a5cc-93bdfa539377/resourceGroups/dasdemo-test-rg/providers/Microsoft.ContainerRegistry/registries/dasdemotestacr",
            "identity": [],
            "location": "westeurope",
            "login_server": "dasdemotestacr.azurecr.io",
            "name": "dasdemotestacr",
            "network_rule_bypass_option": "AzureServices",
            "network_rule_set": [],
            "public_network_access_enabled": true,
            "quarantine_policy_enabled": false,
            "resource_group_name": "dasdemo-test-rg",
            "retention_policy_in_days": 0,
            "sku": "Basic",
            "tags": {
              "environment": "test",
              "project": "das"
            },
            "timeouts": null,
            "trust_policy_enabled": false,
            "zone_redundancy_enabled": false
          },
          "sensitive_attributes": [
            [
              {
                "type": "get_attr",
                "value": "admin_password"
              }
            ]
          ],
          "private": "eyJlMmJmYjczMC1lY2FhLTExZTYtOGY4OC0zNDM2M2JjN2M0YzAiOnsiY3JlYXRlIjoxODAwMDAwMDAwMDAwLCJkZWxldGUiOjE4MDAwMDAwMDAwMDAsInJlYWQiOjMwMDAwMDAwMDAwMCwidXBkYXRlIjoxODAwMDAwMDAwMDAwfSwic2NoZW1hX3ZlcnNpb24iOiIyIn0=",
          "dependencies": [
            "azurerm_resource_group.rg"
          ]
        }
      ]
    },
    {
      "mode": "managed",
      "type": "azurerm_key_vault",
      "name": "kv",
      "provider": "provider[\"registry.terraform.io/hashicorp/azurerm\"]",
      "instances": [
        {
          "schema_version": 2,
          "attributes": {
            "access_policy": [
              {
                "application_id": "",
                "certificate_permissions": [],
                "key_permissions": [],
                "object_id": "a92dcf09-72b5-4b6f-a3eb-11bdfc2aabc8",
                "secret_permissions": [
                  "Get",
                  "Set",
                  "List"
                ],
                "storage_permissions": [],
                "tenant_id": "986ebd46-6f5c-47bc-abd3-2d8097996efc"
              }
            ],
            "contact": [],
            "enable_rbac_authorization": false,
            "enabled_for_deployment": false,
            "enabled_for_disk_encryption": false,
            "enabled_for_template_deployment": false,
            "id": "/subscriptions/690ce1b5-5ac5-46d5-a5cc-93bdfa539377/resourceGroups/dasdemo-test-rg/providers/Microsoft.KeyVault/vaults/dasdemo-test-kv",
            "location": "westeurope",
            "name": "dasdemo-test-kv",
            "network_acls": [
              {
                "bypass": "AzureServices",
                "default_action": "Allow",
                "ip_rules": [],
                "virtual_network_subnet_ids": []
              }
            ],
            "public_network_access_enabled": true,
            "purge_protection_enabled": true,
            "resource_group_name": "dasdemo-test-rg",
            "sku_name": "standard",
            "soft_delete_retention_days": 90,
            "tags": {
              "environment": "test",
              "project": "das"
            },
            "tenant_id": "986ebd46-6f5c-47bc-abd3-2d8097996efc",
            "timeouts": null,
            "vault_uri": "https://dasdemo-test-kv.vault.azure.net/"
          },
          "sensitive_attributes": [],
          "private": "eyJlMmJmYjczMC1lY2FhLTExZTYtOGY4OC0zNDM2M2JjN2M0YzAiOnsiY3JlYXRlIjoxODAwMDAwMDAwMDAwLCJkZWxldGUiOjE4MDAwMDAwMDAwMDAsInJlYWQiOjMwMDAwMDAwMDAwMCwidXBkYXRlIjoxODAwMDAwMDAwMDAwfSwic2NoZW1hX3ZlcnNpb24iOiIyIn0=",
          "dependencies": [
            "azurerm_resource_group.rg",
            "data.azurerm_client_config.current"
          ]
        }
      ]
    },
    {
      "mode": "managed",
      "type": "azurerm_key_vault_access_policy",
      "name": "app_service_policy",
      "provider": "provider[\"registry.terraform.io/hashicorp/azurerm\"]",
      "instances": [
        {
          "schema_version": 0,
          "attributes": {
            "application_id": "",
            "certificate_permissions": [],
            "id": "/subscriptions/690ce1b5-5ac5-46d5-a5cc-93bdfa539377/resourceGroups/dasdemo-test-rg/providers/Microsoft.KeyVault/vaults/dasdemo-test-kv/objectId/a92dcf09-72b5-4b6f-a3eb-11bdfc2aabc8",
            "key_permissions": [],
            "key_vault_id": "/subscriptions/690ce1b5-5ac5-46d5-a5cc-93bdfa539377/resourceGroups/dasdemo-test-rg/providers/Microsoft.KeyVault/vaults/dasdemo-test-kv",
            "object_id": "a92dcf09-72b5-4b6f-a3eb-11bdfc2aabc8",
            "secret_permissions": [
              "Get",
              "Set",
              "List"
            ],
            "storage_permissions": [],
            "tenant_id": "986ebd46-6f5c-47bc-abd3-2d8097996efc",
            "timeouts": null
          },
          "sensitive_attributes": [],
          "private": "eyJlMmJmYjczMC1lY2FhLTExZTYtOGY4OC0zNDM2M2JjN2M0YzAiOnsiY3JlYXRlIjoxODAwMDAwMDAwMDAwLCJkZWxldGUiOjE4MDAwMDAwMDAwMDAsInJlYWQiOjMwMDAwMDAwMDAwMCwidXBkYXRlIjoxODAwMDAwMDAwMDAwfSwic2NoZW1hX3ZlcnNpb24iOiIwIn0=",
          "dependencies": [
            "azurerm_key_vault.kv",
            "azurerm_resource_group.rg",
            "data.azurerm_client_config.current"
          ]
        }
      ]
    },
    {
      "mode": "managed",
      "type": "azurerm_key_vault_secret",
      "name": "ai_connection_string",
      "provider": "provider[\"registry.terraform.io/hashicorp/azurerm\"]",
      "instances": [
        {
          "schema_version": 0,
          "attributes": {
            "content_type": "",
            "expiration_date": null,
            "id": "https://dasdemo-test-kv.vault.azure.net/secrets/AppInsightsConnectionString/398c83b1dbfc4a2287e9fdfe236831f0",
            "key_vault_id": "/subscriptions/690ce1b5-5ac5-46d5-a5cc-93bdfa539377/resourceGroups/dasdemo-test-rg/providers/Microsoft.KeyVault/vaults/dasdemo-test-kv",
            "name": "AppInsightsConnectionString",
            "not_before_date": null,
            "resource_id": "/subscriptions/690ce1b5-5ac5-46d5-a5cc-93bdfa539377/resourceGroups/dasdemo-test-rg/providers/Microsoft.KeyVault/vaults/dasdemo-test-kv/secrets/AppInsightsConnectionString/versions/398c83b1dbfc4a2287e9fdfe236831f0",
            "resource_versionless_id": "/subscriptions/690ce1b5-5ac5-46d5-a5cc-93bdfa539377/resourceGroups/dasdemo-test-rg/providers/Microsoft.KeyVault/vaults/dasdemo-test-kv/secrets/AppInsightsConnectionString",
            "tags": {},
            "timeouts": null,
            "value": "InstrumentationKey=5d1dd123-ce81-45dc-bedf-da5fec4e15cc;IngestionEndpoint=https://westeurope-5.in.applicationinsights.azure.com/;LiveEndpoint=https://westeurope.livediagnostics.monitor.azure.com/;ApplicationId=4a152575-e1c2-4a86-ab58-d10f67add17c",
            "value_wo": null,
            "value_wo_version": 0,
            "version": "398c83b1dbfc4a2287e9fdfe236831f0",
            "versionless_id": "https://dasdemo-test-kv.vault.azure.net/secrets/AppInsightsConnectionString"
          },
          "sensitive_attributes": [
            [
              {
                "type": "get_attr",
                "value": "value"
              }
            ]
          ],
          "private": "eyJlMmJmYjczMC1lY2FhLTExZTYtOGY4OC0zNDM2M2JjN2M0YzAiOnsiY3JlYXRlIjoxODAwMDAwMDAwMDAwLCJkZWxldGUiOjE4MDAwMDAwMDAwMDAsInJlYWQiOjE4MDAwMDAwMDAwMDAsInVwZGF0ZSI6MTgwMDAwMDAwMDAwMH19",
          "dependencies": [
            "azurerm_application_insights.ai",
            "azurerm_key_vault.kv",
            "azurerm_resource_group.rg",
            "data.azurerm_client_config.current"
          ]
        }
      ]
    },
    {
      "mode": "managed",
      "type": "azurerm_key_vault_secret",
      "name": "ai_key",
      "provider": "provider[\"registry.terraform.io/hashicorp/azurerm\"]",
      "instances": [
        {
          "schema_version": 0,
          "attributes": {
            "content_type": "",
            "expiration_date": null,
            "id": "https://dasdemo-test-kv.vault.azure.net/secrets/AppInsightsInstrumentationKey/59916a251bcd48458cda693fa168f497",
            "key_vault_id": "/subscriptions/690ce1b5-5ac5-46d5-a5cc-93bdfa539377/resourceGroups/dasdemo-test-rg/providers/Microsoft.KeyVault/vaults/dasdemo-test-kv",
            "name": "AppInsightsInstrumentationKey",
            "not_before_date": null,
            "resource_id": "/subscriptions/690ce1b5-5ac5-46d5-a5cc-93bdfa539377/resourceGroups/dasdemo-test-rg/providers/Microsoft.KeyVault/vaults/dasdemo-test-kv/secrets/AppInsightsInstrumentationKey/versions/59916a251bcd48458cda693fa168f497",
            "resource_versionless_id": "/subscriptions/690ce1b5-5ac5-46d5-a5cc-93bdfa539377/resourceGroups/dasdemo-test-rg/providers/Microsoft.KeyVault/vaults/dasdemo-test-kv/secrets/AppInsightsInstrumentationKey",
            "tags": {},
            "timeouts": null,
            "value": "5d1dd123-ce81-45dc-bedf-da5fec4e15cc",
            "value_wo": null,
            "value_wo_version": 0,
            "version": "59916a251bcd48458cda693fa168f497",
            "versionless_id": "https://dasdemo-test-kv.vault.azure.net/secrets/AppInsightsInstrumentationKey"
          },
          "sensitive_attributes": [
            [
              {
                "type": "get_attr",
                "value": "value"
              }
            ]
          ],
          "private": "eyJlMmJmYjczMC1lY2FhLTExZTYtOGY4OC0zNDM2M2JjN2M0YzAiOnsiY3JlYXRlIjoxODAwMDAwMDAwMDAwLCJkZWxldGUiOjE4MDAwMDAwMDAwMDAsInJlYWQiOjE4MDAwMDAwMDAwMDAsInVwZGF0ZSI6MTgwMDAwMDAwMDAwMH19",
          "dependencies": [
            "azurerm_application_insights.ai",
            "azurerm_key_vault.kv",
            "azurerm_resource_group.rg",
            "data.azurerm_client_config.current"
          ]
        }
      ]
    },
    {
      "mode": "managed",
      "type": "azurerm_resource_group",
      "name": "rg",
      "provider": "provider[\"registry.terraform.io/hashicorp/azurerm\"]",
      "instances": [
        {
          "schema_version": 0,
          "attributes": {
            "id": "/subscriptions/690ce1b5-5ac5-46d5-a5cc-93bdfa539377/resourceGroups/dasdemo-test-rg",
            "location": "westeurope",
            "managed_by": "",
            "name": "dasdemo-test-rg",
            "tags": {
              "environment": "test",
              "project": "das"
            },
            "timeouts": null
          },
          "sensitive_attributes": [],
          "private": "eyJlMmJmYjczMC1lY2FhLTExZTYtOGY4OC0zNDM2M2JjN2M0YzAiOnsiY3JlYXRlIjo1NDAwMDAwMDAwMDAwLCJkZWxldGUiOjU0MDAwMDAwMDAwMDAsInJlYWQiOjMwMDAwMDAwMDAwMCwidXBkYXRlIjo1NDAwMDAwMDAwMDAwfX0="
        }
      ]
    },
    {
      "mode": "managed",
      "type": "azurerm_role_assignment",
      "name": "acr_pull",
      "provider": "provider[\"registry.terraform.io/hashicorp/azurerm\"]",
      "instances": [
        {
          "schema_version": 0,
          "attributes": {
            "condition": "",
            "condition_version": "",
            "delegated_managed_identity_resource_id": "",
            "description": "",
            "id": "/subscriptions/690ce1b5-5ac5-46d5-a5cc-93bdfa539377/resourceGroups/dasdemo-test-rg/providers/Microsoft.ContainerRegistry/registries/dasdemotestacr/providers/Microsoft.Authorization/roleAssignments/6586f230-054d-b15f-5e03-b65ab75118e9",
            "name": "6586f230-054d-b15f-5e03-b65ab75118e9",
            "principal_id": "ea4d19bd-0f4c-4530-8877-d7caa17934b9",
            "principal_type": "ServicePrincipal",
            "role_definition_id": "/subscriptions/690ce1b5-5ac5-46d5-a5cc-93bdfa539377/providers/Microsoft.Authorization/roleDefinitions/7f951dda-4ed3-4680-a7ca-43fe172d538d",
            "role_definition_name": "AcrPull",
            "scope": "/subscriptions/690ce1b5-5ac5-46d5-a5cc-93bdfa539377/resourceGroups/dasdemo-test-rg/providers/Microsoft.ContainerRegistry/registries/dasdemotestacr",
            "skip_service_principal_aad_check": null,
            "timeouts": null
          },
          "sensitive_attributes": [],
          "private": "eyJlMmJmYjczMC1lY2FhLTExZTYtOGY4OC0zNDM2M2JjN2M0YzAiOnsiY3JlYXRlIjoxODAwMDAwMDAwMDAwLCJkZWxldGUiOjE4MDAwMDAwMDAwMDAsInJlYWQiOjMwMDAwMDAwMDAwMH19",
          "dependencies": [
            "azurerm_app_service.app",
            "azurerm_app_service_plan.plan",
            "azurerm_application_insights.ai",
            "azurerm_container_registry.acr",
            "azurerm_key_vault.kv",
            "azurerm_key_vault_secret.ai_connection_string",
            "azurerm_key_vault_secret.ai_key",
            "azurerm_resource_group.rg",
            "data.azurerm_client_config.current"
          ]
        }
      ]
    },
    {
      "mode": "managed",
      "type": "azurerm_storage_account",
      "name": "tfstate",
      "provider": "provider[\"registry.terraform.io/hashicorp/azurerm\"]",
      "instances": [
        {
          "schema_version": 4,
          "attributes": {
            "access_tier": "Hot",
            "account_kind": "StorageV2",
            "account_replication_type": "LRS",
            "account_tier": "Standard",
            "allow_nested_items_to_be_public": true,
            "allowed_copy_scope": "",
            "azure_files_authentication": [],
            "blob_properties": [
              {
                "change_feed_enabled": false,
                "change_feed_retention_in_days": 0,
                "container_delete_retention_policy": [],
                "cors_rule": [],
                "default_service_version": "",
                "delete_retention_policy": [],
                "last_access_time_enabled": false,
                "restore_policy": [],
                "versioning_enabled": false
              }
            ],
            "cross_tenant_replication_enabled": false,
            "custom_domain": [],
            "customer_managed_key": [],
            "default_to_oauth_authentication": false,
            "dns_endpoint_type": "Standard",
            "edge_zone": "",
            "https_traffic_only_enabled": true,
            "id": "/subscriptions/690ce1b5-5ac5-46d5-a5cc-93bdfa539377/resourceGroups/dasdemo-test-rg/providers/Microsoft.Storage/storageAccounts/dasdemotestst",
            "identity": [],
            "immutability_policy": [],
            "infrastructure_encryption_enabled": false,
            "is_hns_enabled": false,
            "large_file_share_enabled": false,
            "local_user_enabled": true,
            "location": "westeurope",
            "min_tls_version": "TLS1_2",
            "name": "dasdemotestst",
            "network_rules": [],
            "nfsv3_enabled": false,
            "primary_access_key": "xB1O779XwJcpUuk3o36QN19TLy5zGODJfGQsgBgYSvFKCkp6GkEzlxQa56nODB/ZuoI2evvj5rEK+AStodNEwA==",
            "primary_blob_connection_string": "DefaultEndpointsProtocol=https;BlobEndpoint=https://dasdemotestst.blob.core.windows.net/;AccountName=dasdemotestst;AccountKey=xB1O779XwJcpUuk3o36QN19TLy5zGODJfGQsgBgYSvFKCkp6GkEzlxQa56nODB/ZuoI2evvj5rEK+AStodNEwA==",
            "primary_blob_endpoint": "https://dasdemotestst.blob.core.windows.net/",
            "primary_blob_host": "dasdemotestst.blob.core.windows.net",
            "primary_blob_internet_endpoint": "",
            "primary_blob_internet_host": "",
            "primary_blob_microsoft_endpoint": "",
            "primary_blob_microsoft_host": "",
            "primary_connection_string": "DefaultEndpointsProtocol=https;AccountName=dasdemotestst;AccountKey=xB1O779XwJcpUuk3o36QN19TLy5zGODJfGQsgBgYSvFKCkp6GkEzlxQa56nODB/ZuoI2evvj5rEK+AStodNEwA==;EndpointSuffix=core.windows.net",
            "primary_dfs_endpoint": "https://dasdemotestst.dfs.core.windows.net/",
            "primary_dfs_host": "dasdemotestst.dfs.core.windows.net",
            "primary_dfs_internet_endpoint": "",
            "primary_dfs_internet_host": "",
            "primary_dfs_microsoft_endpoint": "",
            "primary_dfs_microsoft_host": "",
            "primary_file_endpoint": "https://dasdemotestst.file.core.windows.net/",
            "primary_file_host": "dasdemotestst.file.core.windows.net",
            "primary_file_internet_endpoint": "",
            "primary_file_internet_host": "",
            "primary_file_microsoft_endpoint": "",
            "primary_file_microsoft_host": "",
            "primary_location": "westeurope",
            "primary_queue_endpoint": "https://dasdemotestst.queue.core.windows.net/",
            "primary_queue_host": "dasdemotestst.queue.core.windows.net",
            "primary_queue_microsoft_endpoint": "",
            "primary_queue_microsoft_host": "",
            "primary_table_endpoint": "https://dasdemotestst.table.core.windows.net/",
            "primary_table_host": "dasdemotestst.table.core.windows.net",
            "primary_table_microsoft_endpoint": "",
            "primary_table_microsoft_host": "",
            "primary_web_endpoint": "https://dasdemotestst.z6.web.core.windows.net/",
            "primary_web_host": "dasdemotestst.z6.web.core.windows.net",
            "primary_web_internet_endpoint": "",
            "primary_web_internet_host": "",
            "primary_web_microsoft_endpoint": "",
            "primary_web_microsoft_host": "",
            "public_network_access_enabled": true,
            "queue_encryption_key_type": "Service",
            "queue_properties": [
              {
                "cors_rule": [],
                "hour_metrics": [
                  {
                    "enabled": false,
                    "include_apis": false,
                    "retention_policy_days": 0,
                    "version": "1.0"
                  }
                ],
                "logging": [
                  {
                    "delete": false,
                    "read": false,
                    "retention_policy_days": 0,
                    "version": "1.0",
                    "write": false
                  }
                ],
                "minute_metrics": [
                  {
                    "enabled": false,
                    "include_apis": false,
                    "retention_policy_days": 0,
                    "version": "1.0"
                  }
                ]
              }
            ],
            "resource_group_name": "dasdemo-test-rg",
            "routing": [],
            "sas_policy": [],
            "secondary_access_key": "gNSZ3KwA/lc9vhpna6Ds3mZzqRlV3Q6x3HYWIAo9aZFAI4cXdQSjUOjYBOBljLpEz7/IPawjSNKr+AStFtNCpg==",
            "secondary_blob_connection_string": "",
            "secondary_blob_endpoint": "",
            "secondary_blob_host": "",
            "secondary_blob_internet_endpoint": "",
            "secondary_blob_internet_host": "",
            "secondary_blob_microsoft_endpoint": "",
            "secondary_blob_microsoft_host": "",
            "secondary_connection_string": "DefaultEndpointsProtocol=https;AccountName=dasdemotestst;AccountKey=gNSZ3KwA/lc9vhpna6Ds3mZzqRlV3Q6x3HYWIAo9aZFAI4cXdQSjUOjYBOBljLpEz7/IPawjSNKr+AStFtNCpg==;EndpointSuffix=core.windows.net",
            "secondary_dfs_endpoint": "",
            "secondary_dfs_host": "",
            "secondary_dfs_internet_endpoint": "",
            "secondary_dfs_internet_host": "",
            "secondary_dfs_microsoft_endpoint": "",
            "secondary_dfs_microsoft_host": "",
            "secondary_file_endpoint": "",
            "secondary_file_host": "",
            "secondary_file_internet_endpoint": "",
            "secondary_file_internet_host": "",
            "secondary_file_microsoft_endpoint": "",
            "secondary_file_microsoft_host": "",
            "secondary_location": "",
            "secondary_queue_endpoint": "",
            "secondary_queue_host": "",
            "secondary_queue_microsoft_endpoint": "",
            "secondary_queue_microsoft_host": "",
            "secondary_table_endpoint": "",
            "secondary_table_host": "",
            "secondary_table_microsoft_endpoint": "",
            "secondary_table_microsoft_host": "",
            "secondary_web_endpoint": "",
            "secondary_web_host": "",
            "secondary_web_internet_endpoint": "",
            "secondary_web_internet_host": "",
            "secondary_web_microsoft_endpoint": "",
            "secondary_web_microsoft_host": "",
            "sftp_enabled": false,
            "share_properties": [
              {
                "cors_rule": [],
                "retention_policy": [
                  {
                    "days": 7
                  }
                ],
                "smb": []
              }
            ],
            "shared_access_key_enabled": true,
            "static_website": [],
            "table_encryption_key_type": "Service",
            "tags": {
              "environment": "test",
              "project": "das"
            },
            "timeouts": null
          },
          "sensitive_attributes": [
            [
              {
                "type": "get_attr",
                "value": "primary_access_key"
              }
            ],
            [
              {
                "type": "get_attr",
                "value": "primary_blob_connection_string"
              }
            ],
            [
              {
                "type": "get_attr",
                "value": "secondary_connection_string"
              }
            ],
            [
              {
                "type": "get_attr",
                "value": "secondary_access_key"
              }
            ],
            [
              {
                "type": "get_attr",
                "value": "primary_connection_string"
              }
            ],
            [
              {
                "type": "get_attr",
                "value": "secondary_blob_connection_string"
              }
            ]
          ],
          "private": "eyJlMmJmYjczMC1lY2FhLTExZTYtOGY4OC0zNDM2M2JjN2M0YzAiOnsiY3JlYXRlIjozNjAwMDAwMDAwMDAwLCJkZWxldGUiOjM2MDAwMDAwMDAwMDAsInJlYWQiOjMwMDAwMDAwMDAwMCwidXBkYXRlIjozNjAwMDAwMDAwMDAwfSwic2NoZW1hX3ZlcnNpb24iOiI0In0=",
          "dependencies": [
            "azurerm_resource_group.rg"
          ]
        }
      ]
    },
    {
      "mode": "managed",
      "type": "azurerm_storage_container",
      "name": "tfstate",
      "provider": "provider[\"registry.terraform.io/hashicorp/azurerm\"]",
      "instances": [
        {
          "schema_version": 1,
          "attributes": {
            "container_access_type": "private",
            "default_encryption_scope": "$account-encryption-key",
            "encryption_scope_override_enabled": true,
            "has_immutability_policy": false,
            "has_legal_hold": false,
            "id": "/subscriptions/690ce1b5-5ac5-46d5-a5cc-93bdfa539377/resourceGroups/dasdemo-test-rg/providers/Microsoft.Storage/storageAccounts/dasdemotestst/blobServices/default/containers/tfstate",
            "metadata": {},
            "name": "tfstate",
            "resource_manager_id": "/subscriptions/690ce1b5-5ac5-46d5-a5cc-93bdfa539377/resourceGroups/dasdemo-test-rg/providers/Microsoft.Storage/storageAccounts/dasdemotestst/blobServices/default/containers/tfstate",
            "storage_account_id": "/subscriptions/690ce1b5-5ac5-46d5-a5cc-93bdfa539377/resourceGroups/dasdemo-test-rg/providers/Microsoft.Storage/storageAccounts/dasdemotestst",
            "storage_account_name": "",
            "timeouts": null
          },
          "sensitive_attributes": [],
          "private": "eyJlMmJmYjczMC1lY2FhLTExZTYtOGY4OC0zNDM2M2JjN2M0YzAiOnsiY3JlYXRlIjoxODAwMDAwMDAwMDAwLCJkZWxldGUiOjE4MDAwMDAwMDAwMDAsInJlYWQiOjMwMDAwMDAwMDAwMCwidXBkYXRlIjoxODAwMDAwMDAwMDAwfSwic2NoZW1hX3ZlcnNpb24iOiIxIn0=",
          "dependencies": [
            "azurerm_resource_group.rg",
            "azurerm_storage_account.tfstate"
          ]
        }
      ]
    }
  ],
  "check_results": null
}
