{
  "version": 4,
  "terraform_version": "1.10.1",
  "serial": 125,
  "lineage": "077e7604-04b3-2850-eed3-ddf21a71492c",
  "outputs": {},
  "resources": [
    {
      "mode": "managed",
      "type": "azurerm_resource_group",
      "name": "rg",
      "provider": "provider[\"registry.terraform.io/hashicorp/azurerm\"]",
      "instances": [
        {
          "schema_version": 0,
          "attributes": {
            "id": "/subscriptions/690ce1b5-5ac5-46d5-a5cc-93bdfa539377/resourceGroups/dasdemo-rg",
            "location": "westeurope",
            "managed_by": "",
            "name": "dasdemo-rg",
            "tags": {
              "environment": "test",
              "project": "das"
            },
            "timeouts": null
          },
          "sensitive_attributes": [],
          "private": "eyJlMmJmYjczMC1lY2FhLTExZTYtOGY4OC0zNDM2M2JjN2M0YzAiOnsiY3JlYXRlIjo1NDAwMDAwMDAwMDAwLCJkZWxldGUiOjU0MDAwMDAwMDAwMDAsInJlYWQiOjMwMDAwMDAwMDAwMCwidXBkYXRlIjo1NDAwMDAwMDAwMDAwfX0="
        }
      ]
    }
  ],
  "check_results": null
}
